
Microsoft Visual Studio Solution File, Format Version 11.00
# Visual Studio 2010
Project("{FAE04EC0-301F-11D3-BF4B-00C04F79EFBC}") = "WhileLoops", "WhileLoops\WhileLoops.csproj", "{301C8824-D9A3-4265-A797-8BC362F1A626}"
EndProject
Global
	GlobalSection(SolutionConfigurationPlatforms) = preSolution
		Debug|x86 = Debug|x86
		Release|x86 = Release|x86
	EndGlobalSection
	GlobalSection(ProjectConfigurationPlatforms) = postSolution
		{301C8824-D9A3-4265-A797-8BC362F1A626}.Debug|x86.ActiveCfg = Debug|x86
		{301C8824-D9A3-4265-A797-8BC362F1A626}.Debug|x86.Build.0 = Debug|x86
		{301C8824-D9A3-4265-A797-8BC362F1A626}.Release|x86.ActiveCfg = Release|x86
		{301C8824-D9A3-4265-A797-8BC362F1A626}.Release|x86.Build.0 = Release|x86
	EndGlobalSection
	GlobalSection(SolutionProperties) = preSolution
		HideSolutionNode = FALSE
	EndGlobalSection
EndGlobal
