
Microsoft Visual Studio Solution File, Format Version 11.00
# Visual C# Express 2010
Project("{FAE04EC0-301F-11D3-BF4B-00C04F79EFBC}") = "HelloWorldProject", "HelloWorld\HelloWorldProject.csproj", "{EADD0E04-276F-4D1E-BF3F-1A288C58755F}"
EndProject
Global
	GlobalSection(SolutionConfigurationPlatforms) = preSolution
		Debug|x86 = Debug|x86
		Release|x86 = Release|x86
	EndGlobalSection
	GlobalSection(ProjectConfigurationPlatforms) = postSolution
		{EADD0E04-276F-4D1E-BF3F-1A288C58755F}.Debug|x86.ActiveCfg = Debug|x86
		{EADD0E04-276F-4D1E-BF3F-1A288C58755F}.Debug|x86.Build.0 = Debug|x86
		{EADD0E04-276F-4D1E-BF3F-1A288C58755F}.Release|x86.ActiveCfg = Release|x86
		{EADD0E04-276F-4D1E-BF3F-1A288C58755F}.Release|x86.Build.0 = Release|x86
	EndGlobalSection
	GlobalSection(SolutionProperties) = preSolution
		HideSolutionNode = FALSE
	EndGlobalSection
EndGlobal
